
Microsoft Visual Studio Solution File, Format Version 12.00
# Visual Studio Version 17
VisualStudioVersion = 17.10.35013.160
MinimumVisualStudioVersion = 10.0.40219.1
Project("{FAE04EC0-301F-11D3-BF4B-00C04F79EFBC}") = "TrashFormsGUI", "TrashFormsGUI.csproj", "{CF25CB1B-AEB1-47E6-9A3A-DB10E3154001}"
EndProject
Global
	GlobalSection(SolutionConfigurationPlatforms) = preSolution
		Debug|Any CPU = Debug|Any CPU
		Release|Any CPU = Release|Any CPU
	EndGlobalSection
	GlobalSection(ProjectConfigurationPlatforms) = postSolution
		{CF25CB1B-AEB1-47E6-9A3A-DB10E3154001}.Debug|Any CPU.ActiveCfg = Debug|Any CPU
		{CF25CB1B-AEB1-47E6-9A3A-DB10E3154001}.Debug|Any CPU.Build.0 = Debug|Any CPU
		{CF25CB1B-AEB1-47E6-9A3A-DB10E3154001}.Release|Any CPU.ActiveCfg = Release|Any CPU
		{CF25CB1B-AEB1-47E6-9A3A-DB10E3154001}.Release|Any CPU.Build.0 = Release|Any CPU
	EndGlobalSection
	GlobalSection(SolutionProperties) = preSolution
		HideSolutionNode = FALSE
	EndGlobalSection
	GlobalSection(ExtensibilityGlobals) = postSolution
		SolutionGuid = {01CE33AE-06B1-4FBA-AB44-DAB125A47EC4}
	EndGlobalSection
EndGlobal
